
Microsoft Visual Studio Solution File, Format Version 12.00
# Visual Studio 15
VisualStudioVersion = 15.0.27703.2035
MinimumVisualStudioVersion = 10.0.40219.1
Project("{FAE04EC0-301F-11D3-BF4B-00C04F79EFBC}") = "Market_Stock_Tracking_System_with_Forms", "Market_Stock_Tracking_System_with_Forms\Market_Stock_Tracking_System_with_Forms.csproj", "{FEAB577B-8004-4006-BF8F-DA444BA0F6D6}"
EndProject
Global
	GlobalSection(SolutionConfigurationPlatforms) = preSolution
		Debug|Any CPU = Debug|Any CPU
		Release|Any CPU = Release|Any CPU
	EndGlobalSection
	GlobalSection(ProjectConfigurationPlatforms) = postSolution
		{FEAB577B-8004-4006-BF8F-DA444BA0F6D6}.Debug|Any CPU.ActiveCfg = Debug|Any CPU
		{FEAB577B-8004-4006-BF8F-DA444BA0F6D6}.Debug|Any CPU.Build.0 = Debug|Any CPU
		{FEAB577B-8004-4006-BF8F-DA444BA0F6D6}.Release|Any CPU.ActiveCfg = Release|Any CPU
		{FEAB577B-8004-4006-BF8F-DA444BA0F6D6}.Release|Any CPU.Build.0 = Release|Any CPU
	EndGlobalSection
	GlobalSection(SolutionProperties) = preSolution
		HideSolutionNode = FALSE
	EndGlobalSection
	GlobalSection(ExtensibilityGlobals) = postSolution
		SolutionGuid = {4294B108-714F-489C-8DC6-7556474804FB}
	EndGlobalSection
EndGlobal
