
Microsoft Visual Studio Solution File, Format Version 12.00
# Visual Studio 15
VisualStudioVersion = 15.0.27703.2035
MinimumVisualStudioVersion = 10.0.40219.1
Project("{FAE04EC0-301F-11D3-BF4B-00C04F79EFBC}") = "TREX_STOCK_PROJECT", "TREX_STOCK_PROJECT\TREX_STOCK_PROJECT.csproj", "{05CCA257-339B-4191-B5AA-04188F75C4FF}"
EndProject
Global
	GlobalSection(SolutionConfigurationPlatforms) = preSolution
		Debug|Any CPU = Debug|Any CPU
		Release|Any CPU = Release|Any CPU
	EndGlobalSection
	GlobalSection(ProjectConfigurationPlatforms) = postSolution
		{05CCA257-339B-4191-B5AA-04188F75C4FF}.Debug|Any CPU.ActiveCfg = Debug|Any CPU
		{05CCA257-339B-4191-B5AA-04188F75C4FF}.Debug|Any CPU.Build.0 = Debug|Any CPU
		{05CCA257-339B-4191-B5AA-04188F75C4FF}.Release|Any CPU.ActiveCfg = Release|Any CPU
		{05CCA257-339B-4191-B5AA-04188F75C4FF}.Release|Any CPU.Build.0 = Release|Any CPU
	EndGlobalSection
	GlobalSection(SolutionProperties) = preSolution
		HideSolutionNode = FALSE
	EndGlobalSection
	GlobalSection(ExtensibilityGlobals) = postSolution
		SolutionGuid = {54C547A0-8A28-426B-8E52-41C45C46A805}
	EndGlobalSection
EndGlobal
