
Microsoft Visual Studio Solution File, Format Version 12.00
# Visual Studio 15
VisualStudioVersion = 15.0.27703.2035
MinimumVisualStudioVersion = 10.0.40219.1
Project("{FAE04EC0-301F-11D3-BF4B-00C04F79EFBC}") = "StockManagementSystem_with_Form", "StockManagementSystem_with_Form\StockManagementSystem_with_Form.csproj", "{403CE4A8-87BA-4806-B6B0-307C5F425F75}"
EndProject
Global
	GlobalSection(SolutionConfigurationPlatforms) = preSolution
		Debug|Any CPU = Debug|Any CPU
		Release|Any CPU = Release|Any CPU
	EndGlobalSection
	GlobalSection(ProjectConfigurationPlatforms) = postSolution
		{403CE4A8-87BA-4806-B6B0-307C5F425F75}.Debug|Any CPU.ActiveCfg = Debug|Any CPU
		{403CE4A8-87BA-4806-B6B0-307C5F425F75}.Debug|Any CPU.Build.0 = Debug|Any CPU
		{403CE4A8-87BA-4806-B6B0-307C5F425F75}.Release|Any CPU.ActiveCfg = Release|Any CPU
		{403CE4A8-87BA-4806-B6B0-307C5F425F75}.Release|Any CPU.Build.0 = Release|Any CPU
	EndGlobalSection
	GlobalSection(SolutionProperties) = preSolution
		HideSolutionNode = FALSE
	EndGlobalSection
	GlobalSection(ExtensibilityGlobals) = postSolution
		SolutionGuid = {4397A96C-39DF-47F4-B010-8735AEA17EFE}
	EndGlobalSection
EndGlobal
